// !$*UTF8*$!
{
	archiveVersion = 1;
	classes = {
	};
	objectVersion = 48;
	objects = {

/* Begin PBXBuildFile section */
		7BC131415514344108900D4D /* libPods-webFrameWorkDemo.a in Frameworks */ = {isa = PBXBuildFile; fileRef = 34B43CE20B02134393E6E429 /* libPods-webFrameWorkDemo.a */; };
		8FC2A160204FBC1900B36725 /* AppDelegate.m in Sources */ = {isa = PBXBuildFile; fileRef = 8FC2A15F204FBC1900B36725 /* AppDelegate.m */; };
		8FC2A166204FBC1900B36725 /* Main.storyboard in Resources */ = {isa = PBXBuildFile; fileRef = 8FC2A164204FBC1900B36725 /* Main.storyboard */; };
		8FC2A168204FBC1900B36725 /* Assets.xcassets in Resources */ = {isa = PBXBuildFile; fileRef = 8FC2A167204FBC1900B36725 /* Assets.xcassets */; };
		8FC2A16B204FBC1900B36725 /* LaunchScreen.storyboard in Resources */ = {isa = PBXBuildFile; fileRef = 8FC2A169204FBC1900B36725 /* LaunchScreen.storyboard */; };
		8FC2A16E204FBC1900B36725 /* main.m in Sources */ = {isa = PBXBuildFile; fileRef = 8FC2A16D204FBC1900B36725 /* main.m */; };
		8FC2A178204FBC1900B36725 /* webFrameWorkDemoTests.m in Sources */ = {isa = PBXBuildFile; fileRef = 8FC2A177204FBC1900B36725 /* webFrameWorkDemoTests.m */; };
		8FC2A183204FBC1900B36725 /* webFrameWorkDemoUITests.m in Sources */ = {isa = PBXBuildFile; fileRef = 8FC2A182204FBC1900B36725 /* webFrameWorkDemoUITests.m */; };
		8FC2A192204FBC4900B36725 /* TabbarVC.m in Sources */ = {isa = PBXBuildFile; fileRef = 8FC2A191204FBC4900B36725 /* TabbarVC.m */; };
		8FC2A195204FBC5F00B36725 /* WebVC.m in Sources */ = {isa = PBXBuildFile; fileRef = 8FC2A194204FBC5F00B36725 /* WebVC.m */; };
		8FC2A19A204FC09700B36725 /* NaviVC.m in Sources */ = {isa = PBXBuildFile; fileRef = 8FC2A199204FC09700B36725 /* NaviVC.m */; };
/* End PBXBuildFile section */

/* Begin PBXContainerItemProxy section */
		8FC2A174204FBC1900B36725 /* PBXContainerItemProxy */ = {
			isa = PBXContainerItemProxy;
			containerPortal = 8FC2A153204FBC1900B36725 /* Project object */;
			proxyType = 1;
			remoteGlobalIDString = 8FC2A15A204FBC1900B36725;
			remoteInfo = webFrameWorkDemo;
		};
		8FC2A17F204FBC1900B36725 /* PBXContainerItemProxy */ = {
			isa = PBXContainerItemProxy;
			containerPortal = 8FC2A153204FBC1900B36725 /* Project object */;
			proxyType = 1;
			remoteGlobalIDString = 8FC2A15A204FBC1900B36725;
			remoteInfo = webFrameWorkDemo;
		};
/* End PBXContainerItemProxy section */

/* Begin PBXFileReference section */
		34B43CE20B02134393E6E429 /* libPods-webFrameWorkDemo.a */ = {isa = PBXFileReference; explicitFileType = archive.ar; includeInIndex = 0; path = "libPods-webFrameWorkDemo.a"; sourceTree = BUILT_PRODUCTS_DIR; };
		8DFC23BBC6A5AE55E65EA346 /* Pods-webFrameWorkDemo.debug.xcconfig */ = {isa = PBXFileReference; includeInIndex = 1; lastKnownFileType = text.xcconfig; name = "Pods-webFrameWorkDemo.debug.xcconfig"; path = "Pods/Target Support Files/Pods-webFrameWorkDemo/Pods-webFrameWorkDemo.debug.xcconfig"; sourceTree = "<group>"; };
		8FC2A15B204FBC1900B36725 /* webFrameWorkDemo.app */ = {isa = PBXFileReference; explicitFileType = wrapper.application; includeInIndex = 0; path = webFrameWorkDemo.app; sourceTree = BUILT_PRODUCTS_DIR; };
		8FC2A15E204FBC1900B36725 /* AppDelegate.h */ = {isa = PBXFileReference; lastKnownFileType = sourcecode.c.h; path = AppDelegate.h; sourceTree = "<group>"; };
		8FC2A15F204FBC1900B36725 /* AppDelegate.m */ = {isa = PBXFileReference; lastKnownFileType = sourcecode.c.objc; path = AppDelegate.m; sourceTree = "<group>"; };
		8FC2A165204FBC1900B36725 /* Base */ = {isa = PBXFileReference; lastKnownFileType = file.storyboard; name = Base; path = Base.lproj/Main.storyboard; sourceTree = "<group>"; };
		8FC2A167204FBC1900B36725 /* Assets.xcassets */ = {isa = PBXFileReference; lastKnownFileType = folder.assetcatalog; path = Assets.xcassets; sourceTree = "<group>"; };
		8FC2A16A204FBC1900B36725 /* Base */ = {isa = PBXFileReference; lastKnownFileType = file.storyboard; name = Base; path = Base.lproj/LaunchScreen.storyboard; sourceTree = "<group>"; };
		8FC2A16C204FBC1900B36725 /* Info.plist */ = {isa = PBXFileReference; lastKnownFileType = text.plist.xml; path = Info.plist; sourceTree = "<group>"; };
		8FC2A16D204FBC1900B36725 /* main.m */ = {isa = PBXFileReference; lastKnownFileType = sourcecode.c.objc; path = main.m; sourceTree = "<group>"; };
		8FC2A173204FBC1900B36725 /* webFrameWorkDemoTests.xctest */ = {isa = PBXFileReference; explicitFileType = wrapper.cfbundle; includeInIndex = 0; path = webFrameWorkDemoTests.xctest; sourceTree = BUILT_PRODUCTS_DIR; };
		8FC2A177204FBC1900B36725 /* webFrameWorkDemoTests.m */ = {isa = PBXFileReference; lastKnownFileType = sourcecode.c.objc; path = webFrameWorkDemoTests.m; sourceTree = "<group>"; };
		8FC2A179204FBC1900B36725 /* Info.plist */ = {isa = PBXFileReference; lastKnownFileType = text.plist.xml; path = Info.plist; sourceTree = "<group>"; };
		8FC2A17E204FBC1900B36725 /* webFrameWorkDemoUITests.xctest */ = {isa = PBXFileReference; explicitFileType = wrapper.cfbundle; includeInIndex = 0; path = webFrameWorkDemoUITests.xctest; sourceTree = BUILT_PRODUCTS_DIR; };
		8FC2A182204FBC1900B36725 /* webFrameWorkDemoUITests.m */ = {isa = PBXFileReference; lastKnownFileType = sourcecode.c.objc; path = webFrameWorkDemoUITests.m; sourceTree = "<group>"; };
		8FC2A184204FBC1900B36725 /* Info.plist */ = {isa = PBXFileReference; lastKnownFileType = text.plist.xml; path = Info.plist; sourceTree = "<group>"; };
		8FC2A190204FBC4800B36725 /* TabbarVC.h */ = {isa = PBXFileReference; lastKnownFileType = sourcecode.c.h; path = TabbarVC.h; sourceTree = "<group>"; };
		8FC2A191204FBC4900B36725 /* TabbarVC.m */ = {isa = PBXFileReference; lastKnownFileType = sourcecode.c.objc; path = TabbarVC.m; sourceTree = "<group>"; };
		8FC2A193204FBC5F00B36725 /* WebVC.h */ = {isa = PBXFileReference; lastKnownFileType = sourcecode.c.h; path = WebVC.h; sourceTree = "<group>"; };
		8FC2A194204FBC5F00B36725 /* WebVC.m */ = {isa = PBXFileReference; lastKnownFileType = sourcecode.c.objc; path = WebVC.m; sourceTree = "<group>"; };
		8FC2A198204FC09700B36725 /* NaviVC.h */ = {isa = PBXFileReference; lastKnownFileType = sourcecode.c.h; path = NaviVC.h; sourceTree = "<group>"; };
		8FC2A199204FC09700B36725 /* NaviVC.m */ = {isa = PBXFileReference; lastKnownFileType = sourcecode.c.objc; path = NaviVC.m; sourceTree = "<group>"; };
		CF714EDC02AC9E4FA998EFAF /* Pods-webFrameWorkDemo.release.xcconfig */ = {isa = PBXFileReference; includeInIndex = 1; lastKnownFileType = text.xcconfig; name = "Pods-webFrameWorkDemo.release.xcconfig"; path = "Pods/Target Support Files/Pods-webFrameWorkDemo/Pods-webFrameWorkDemo.release.xcconfig"; sourceTree = "<group>"; };
/* End PBXFileReference section */

/* Begin PBXFrameworksBuildPhase section */
		8FC2A158204FBC1900B36725 /* Frameworks */ = {
			isa = PBXFrameworksBuildPhase;
			buildActionMask = 2147483647;
			files = (
				7BC131415514344108900D4D /* libPods-webFrameWorkDemo.a in Frameworks */,
			);
			runOnlyForDeploymentPostprocessing = 0;
		};
		8FC2A170204FBC1900B36725 /* Frameworks */ = {
			isa = PBXFrameworksBuildPhase;
			buildActionMask = 2147483647;
			files = (
			);
			runOnlyForDeploymentPostprocessing = 0;
		};
		8FC2A17B204FBC1900B36725 /* Frameworks */ = {
			isa = PBXFrameworksBuildPhase;
			buildActionMask = 2147483647;
			files = (
			);
			runOnlyForDeploymentPostprocessing = 0;
		};
/* End PBXFrameworksBuildPhase section */

/* Begin PBXGroup section */
		01767CFE161E650144F84423 /* Pods */ = {
			isa = PBXGroup;
			children = (
				8DFC23BBC6A5AE55E65EA346 /* Pods-webFrameWorkDemo.debug.xcconfig */,
				CF714EDC02AC9E4FA998EFAF /* Pods-webFrameWorkDemo.release.xcconfig */,
			);
			name = Pods;
			sourceTree = "<group>";
		};
		24DFB6C26B5FDDDD96302170 /* Frameworks */ = {
			isa = PBXGroup;
			children = (
				34B43CE20B02134393E6E429 /* libPods-webFrameWorkDemo.a */,
			);
			name = Frameworks;
			sourceTree = "<group>";
		};
		8FC2A152204FBC1900B36725 = {
			isa = PBXGroup;
			children = (
				8FC2A15D204FBC1900B36725 /* webFrameWorkDemo */,
				8FC2A176204FBC1900B36725 /* webFrameWorkDemoTests */,
				8FC2A181204FBC1900B36725 /* webFrameWorkDemoUITests */,
				8FC2A15C204FBC1900B36725 /* Products */,
				01767CFE161E650144F84423 /* Pods */,
				24DFB6C26B5FDDDD96302170 /* Frameworks */,
			);
			sourceTree = "<group>";
		};
		8FC2A15C204FBC1900B36725 /* Products */ = {
			isa = PBXGroup;
			children = (
				8FC2A15B204FBC1900B36725 /* webFrameWorkDemo.app */,
				8FC2A173204FBC1900B36725 /* webFrameWorkDemoTests.xctest */,
				8FC2A17E204FBC1900B36725 /* webFrameWorkDemoUITests.xctest */,
			);
			name = Products;
			sourceTree = "<group>";
		};
		8FC2A15D204FBC1900B36725 /* webFrameWorkDemo */ = {
			isa = PBXGroup;
			children = (
				8FC2A1A3204FD78200B36725 /* BaseMVC */,
				8FC2A15E204FBC1900B36725 /* AppDelegate.h */,
				8FC2A15F204FBC1900B36725 /* AppDelegate.m */,
				8FC2A164204FBC1900B36725 /* Main.storyboard */,
				8FC2A167204FBC1900B36725 /* Assets.xcassets */,
				8FC2A169204FBC1900B36725 /* LaunchScreen.storyboard */,
				8FC2A16C204FBC1900B36725 /* Info.plist */,
				8FC2A16D204FBC1900B36725 /* main.m */,
			);
			path = webFrameWorkDemo;
			sourceTree = "<group>";
		};
		8FC2A176204FBC1900B36725 /* webFrameWorkDemoTests */ = {
			isa = PBXGroup;
			children = (
				8FC2A177204FBC1900B36725 /* webFrameWorkDemoTests.m */,
				8FC2A179204FBC1900B36725 /* Info.plist */,
			);
			path = webFrameWorkDemoTests;
			sourceTree = "<group>";
		};
		8FC2A181204FBC1900B36725 /* webFrameWorkDemoUITests */ = {
			isa = PBXGroup;
			children = (
				8FC2A182204FBC1900B36725 /* webFrameWorkDemoUITests.m */,
				8FC2A184204FBC1900B36725 /* Info.plist */,
			);
			path = webFrameWorkDemoUITests;
			sourceTree = "<group>";
		};
		8FC2A1A3204FD78200B36725 /* BaseMVC */ = {
			isa = PBXGroup;
			children = (
				8FC2A198204FC09700B36725 /* NaviVC.h */,
				8FC2A199204FC09700B36725 /* NaviVC.m */,
				8FC2A190204FBC4800B36725 /* TabbarVC.h */,
				8FC2A191204FBC4900B36725 /* TabbarVC.m */,
				8FC2A193204FBC5F00B36725 /* WebVC.h */,
				8FC2A194204FBC5F00B36725 /* WebVC.m */,
			);
			path = BaseMVC;
			sourceTree = "<group>";
		};
/* End PBXGroup section */

/* Begin PBXNativeTarget section */
		8FC2A15A204FBC1900B36725 /* webFrameWorkDemo */ = {
			isa = PBXNativeTarget;
			buildConfigurationList = 8FC2A187204FBC1900B36725 /* Build configuration list for PBXNativeTarget "webFrameWorkDemo" */;
			buildPhases = (
				BDE38BDB097F6A686B8BB0F9 /* [CP] Check Pods Manifest.lock */,
				8FC2A157204FBC1900B36725 /* Sources */,
				8FC2A158204FBC1900B36725 /* Frameworks */,
				8FC2A159204FBC1900B36725 /* Resources */,
				B174566DEF6572E34A85E2A0 /* [CP] Embed Pods Frameworks */,
				3162E8E795B21E3749FE916D /* [CP] Copy Pods Resources */,
			);
			buildRules = (
			);
			dependencies = (
			);
			name = webFrameWorkDemo;
			productName = webFrameWorkDemo;
			productReference = 8FC2A15B204FBC1900B36725 /* webFrameWorkDemo.app */;
			productType = "com.apple.product-type.application";
		};
		8FC2A172204FBC1900B36725 /* webFrameWorkDemoTests */ = {
			isa = PBXNativeTarget;
			buildConfigurationList = 8FC2A18A204FBC1900B36725 /* Build configuration list for PBXNativeTarget "webFrameWorkDemoTests" */;
			buildPhases = (
				8FC2A16F204FBC1900B36725 /* Sources */,
				8FC2A170204FBC1900B36725 /* Frameworks */,
				8FC2A171204FBC1900B36725 /* Resources */,
			);
			buildRules = (
			);
			dependencies = (
				8FC2A175204FBC1900B36725 /* PBXTargetDependency */,
			);
			name = webFrameWorkDemoTests;
			productName = webFrameWorkDemoTests;
			productReference = 8FC2A173204FBC1900B36725 /* webFrameWorkDemoTests.xctest */;
			productType = "com.apple.product-type.bundle.unit-test";
		};
		8FC2A17D204FBC1900B36725 /* webFrameWorkDemoUITests */ = {
			isa = PBXNativeTarget;
			buildConfigurationList = 8FC2A18D204FBC1900B36725 /* Build configuration list for PBXNativeTarget "webFrameWorkDemoUITests" */;
			buildPhases = (
				8FC2A17A204FBC1900B36725 /* Sources */,
				8FC2A17B204FBC1900B36725 /* Frameworks */,
				8FC2A17C204FBC1900B36725 /* Resources */,
			);
			buildRules = (
			);
			dependencies = (
				8FC2A180204FBC1900B36725 /* PBXTargetDependency */,
			);
			name = webFrameWorkDemoUITests;
			productName = webFrameWorkDemoUITests;
			productReference = 8FC2A17E204FBC1900B36725 /* webFrameWorkDemoUITests.xctest */;
			productType = "com.apple.product-type.bundle.ui-testing";
		};
/* End PBXNativeTarget section */

/* Begin PBXProject section */
		8FC2A153204FBC1900B36725 /* Project object */ = {
			isa = PBXProject;
			attributes = {
				LastUpgradeCheck = 0920;
				ORGANIZATIONNAME = Chan;
				TargetAttributes = {
					8FC2A15A204FBC1900B36725 = {
						CreatedOnToolsVersion = 9.2;
						ProvisioningStyle = Automatic;
					};
					8FC2A172204FBC1900B36725 = {
						CreatedOnToolsVersion = 9.2;
						ProvisioningStyle = Automatic;
						TestTargetID = 8FC2A15A204FBC1900B36725;
					};
					8FC2A17D204FBC1900B36725 = {
						CreatedOnToolsVersion = 9.2;
						ProvisioningStyle = Automatic;
						TestTargetID = 8FC2A15A204FBC1900B36725;
					};
				};
			};
			buildConfigurationList = 8FC2A156204FBC1900B36725 /* Build configuration list for PBXProject "webFrameWorkDemo" */;
			compatibilityVersion = "Xcode 8.0";
			developmentRegion = en;
			hasScannedForEncodings = 0;
			knownRegions = (
				en,
				Base,
			);
			mainGroup = 8FC2A152204FBC1900B36725;
			productRefGroup = 8FC2A15C204FBC1900B36725 /* Products */;
			projectDirPath = "";
			projectRoot = "";
			targets = (
				8FC2A15A204FBC1900B36725 /* webFrameWorkDemo */,
				8FC2A172204FBC1900B36725 /* webFrameWorkDemoTests */,
				8FC2A17D204FBC1900B36725 /* webFrameWorkDemoUITests */,
			);
		};
/* End PBXProject section */

/* Begin PBXResourcesBuildPhase section */
		8FC2A159204FBC1900B36725 /* Resources */ = {
			isa = PBXResourcesBuildPhase;
			buildActionMask = 2147483647;
			files = (
				8FC2A16B204FBC1900B36725 /* LaunchScreen.storyboard in Resources */,
				8FC2A168204FBC1900B36725 /* Assets.xcassets in Resources */,
				8FC2A166204FBC1900B36725 /* Main.storyboard in Resources */,
			);
			runOnlyForDeploymentPostprocessing = 0;
		};
		8FC2A171204FBC1900B36725 /* Resources */ = {
			isa = PBXResourcesBuildPhase;
			buildActionMask = 2147483647;
			files = (
			);
			runOnlyForDeploymentPostprocessing = 0;
		};
		8FC2A17C204FBC1900B36725 /* Resources */ = {
			isa = PBXResourcesBuildPhase;
			buildActionMask = 2147483647;
			files = (
			);
			runOnlyForDeploymentPostprocessing = 0;
		};
/* End PBXResourcesBuildPhase section */

/* Begin PBXShellScriptBuildPhase section */
		3162E8E795B21E3749FE916D /* [CP] Copy Pods Resources */ = {
			isa = PBXShellScriptBuildPhase;
			buildActionMask = 2147483647;
			files = (
			);
			inputPaths = (
				"${SRCROOT}/Pods/Target Support Files/Pods-webFrameWorkDemo/Pods-webFrameWorkDemo-resources.sh",
				"${PODS_ROOT}/LCProgressHUD/LCProgressHUD/LCProgressHUD.bundle",
				"${PODS_ROOT}/MJRefresh/MJRefreshExample/MJRefreshExample/MJRefresh/MJRefresh.bundle",
			);
			name = "[CP] Copy Pods Resources";
			outputPaths = (
				"${TARGET_BUILD_DIR}/${UNLOCALIZED_RESOURCES_FOLDER_PATH}",
			);
			runOnlyForDeploymentPostprocessing = 0;
			shellPath = /bin/sh;
			shellScript = "\"${SRCROOT}/Pods/Target Support Files/Pods-webFrameWorkDemo/Pods-webFrameWorkDemo-resources.sh\"\n";
			showEnvVarsInLog = 0;
		};
		B174566DEF6572E34A85E2A0 /* [CP] Embed Pods Frameworks */ = {
			isa = PBXShellScriptBuildPhase;
			buildActionMask = 2147483647;
			files = (
			);
			inputPaths = (
			);
			name = "[CP] Embed Pods Frameworks";
			outputPaths = (
			);
			runOnlyForDeploymentPostprocessing = 0;
			shellPath = /bin/sh;
			shellScript = "\"${SRCROOT}/Pods/Target Support Files/Pods-webFrameWorkDemo/Pods-webFrameWorkDemo-frameworks.sh\"\n";
			showEnvVarsInLog = 0;
		};
		BDE38BDB097F6A686B8BB0F9 /* [CP] Check Pods Manifest.lock */ = {
			isa = PBXShellScriptBuildPhase;
			buildActionMask = 2147483647;
			files = (
			);
			inputPaths = (
				"${PODS_PODFILE_DIR_PATH}/Podfile.lock",
				"${PODS_ROOT}/Manifest.lock",
			);
			name = "[CP] Check Pods Manifest.lock";
			outputPaths = (
				"$(DERIVED_FILE_DIR)/Pods-webFrameWorkDemo-checkManifestLockResult.txt",
			);
			runOnlyForDeploymentPostprocessing = 0;
			shellPath = /bin/sh;
			shellScript = "diff \"${PODS_PODFILE_DIR_PATH}/Podfile.lock\" \"${PODS_ROOT}/Manifest.lock\" > /dev/null\nif [ $? != 0 ] ; then\n    # print error to STDERR\n    echo \"error: The sandbox is not in sync with the Podfile.lock. Run 'pod install' or update your CocoaPods installation.\" >&2\n    exit 1\nfi\n# This output is used by Xcode 'outputs' to avoid re-running this script phase.\necho \"SUCCESS\" > \"${SCRIPT_OUTPUT_FILE_0}\"\n";
			showEnvVarsInLog = 0;
		};
/* End PBXShellScriptBuildPhase section */

/* Begin PBXSourcesBuildPhase section */
		8FC2A157204FBC1900B36725 /* Sources */ = {
			isa = PBXSourcesBuildPhase;
			buildActionMask = 2147483647;
			files = (
				8FC2A19A204FC09700B36725 /* NaviVC.m in Sources */,
				8FC2A195204FBC5F00B36725 /* WebVC.m in Sources */,
				8FC2A16E204FBC1900B36725 /* main.m in Sources */,
				8FC2A192204FBC4900B36725 /* TabbarVC.m in Sources */,
				8FC2A160204FBC1900B36725 /* AppDelegate.m in Sources */,
			);
			runOnlyForDeploymentPostprocessing = 0;
		};
		8FC2A16F204FBC1900B36725 /* Sources */ = {
			isa = PBXSourcesBuildPhase;
			buildActionMask = 2147483647;
			files = (
				8FC2A178204FBC1900B36725 /* webFrameWorkDemoTests.m in Sources */,
			);
			runOnlyForDeploymentPostprocessing = 0;
		};
		8FC2A17A204FBC1900B36725 /* Sources */ = {
			isa = PBXSourcesBuildPhase;
			buildActionMask = 2147483647;
			files = (
				8FC2A183204FBC1900B36725 /* webFrameWorkDemoUITests.m in Sources */,
			);
			runOnlyForDeploymentPostprocessing = 0;
		};
/* End PBXSourcesBuildPhase section */

/* Begin PBXTargetDependency section */
		8FC2A175204FBC1900B36725 /* PBXTargetDependency */ = {
			isa = PBXTargetDependency;
			target = 8FC2A15A204FBC1900B36725 /* webFrameWorkDemo */;
			targetProxy = 8FC2A174204FBC1900B36725 /* PBXContainerItemProxy */;
		};
		8FC2A180204FBC1900B36725 /* PBXTargetDependency */ = {
			isa = PBXTargetDependency;
			target = 8FC2A15A204FBC1900B36725 /* webFrameWorkDemo */;
			targetProxy = 8FC2A17F204FBC1900B36725 /* PBXContainerItemProxy */;
		};
/* End PBXTargetDependency section */

/* Begin PBXVariantGroup section */
		8FC2A164204FBC1900B36725 /* Main.storyboard */ = {
			isa = PBXVariantGroup;
			children = (
				8FC2A165204FBC1900B36725 /* Base */,
			);
			name = Main.storyboard;
			sourceTree = "<group>";
		};
		8FC2A169204FBC1900B36725 /* LaunchScreen.storyboard */ = {
			isa = PBXVariantGroup;
			children = (
				8FC2A16A204FBC1900B36725 /* Base */,
			);
			name = LaunchScreen.storyboard;
			sourceTree = "<group>";
		};
/* End PBXVariantGroup section */

/* Begin XCBuildConfiguration section */
		8FC2A185204FBC1900B36725 /* Debug */ = {
			isa = XCBuildConfiguration;
			buildSettings = {
				ALWAYS_SEARCH_USER_PATHS = NO;
				CLANG_ANALYZER_NONNULL = YES;
				CLANG_ANALYZER_NUMBER_OBJECT_CONVERSION = YES_AGGRESSIVE;
				CLANG_CXX_LANGUAGE_STANDARD = "gnu++14";
				CLANG_CXX_LIBRARY = "libc++";
				CLANG_ENABLE_MODULES = YES;
				CLANG_ENABLE_OBJC_ARC = YES;
				CLANG_WARN_BLOCK_CAPTURE_AUTORELEASING = YES;
				CLANG_WARN_BOOL_CONVERSION = YES;
				CLANG_WARN_COMMA = YES;
				CLANG_WARN_CONSTANT_CONVERSION = YES;
				CLANG_WARN_DIRECT_OBJC_ISA_USAGE = YES_ERROR;
				CLANG_WARN_DOCUMENTATION_COMMENTS = YES;
				CLANG_WARN_EMPTY_BODY = YES;
				CLANG_WARN_ENUM_CONVERSION = YES;
				CLANG_WARN_INFINITE_RECURSION = YES;
				CLANG_WARN_INT_CONVERSION = YES;
				CLANG_WARN_NON_LITERAL_NULL_CONVERSION = YES;
				CLANG_WARN_OBJC_LITERAL_CONVERSION = YES;
				CLANG_WARN_OBJC_ROOT_CLASS = YES_ERROR;
				CLANG_WARN_RANGE_LOOP_ANALYSIS = YES;
				CLANG_WARN_STRICT_PROTOTYPES = YES;
				CLANG_WARN_SUSPICIOUS_MOVE = YES;
				CLANG_WARN_UNGUARDED_AVAILABILITY = YES_AGGRESSIVE;
				CLANG_WARN_UNREACHABLE_CODE = YES;
				CLANG_WARN__DUPLICATE_METHOD_MATCH = YES;
				CODE_SIGN_IDENTITY = "iPhone Developer";
				COPY_PHASE_STRIP = NO;
				DEBUG_INFORMATION_FORMAT = dwarf;
				ENABLE_STRICT_OBJC_MSGSEND = YES;
				ENABLE_TESTABILITY = YES;
				GCC_C_LANGUAGE_STANDARD = gnu11;
				GCC_DYNAMIC_NO_PIC = NO;
				GCC_NO_COMMON_BLOCKS = YES;
				GCC_OPTIMIZATION_LEVEL = 0;
				GCC_PREPROCESSOR_DEFINITIONS = (
					"DEBUG=1",
					"$(inherited)",
				);
				GCC_WARN_64_TO_32_BIT_CONVERSION = YES;
				GCC_WARN_ABOUT_RETURN_TYPE = YES_ERROR;
				GCC_WARN_UNDECLARED_SELECTOR = YES;
				GCC_WARN_UNINITIALIZED_AUTOS = YES_AGGRESSIVE;
				GCC_WARN_UNUSED_FUNCTION = YES;
				GCC_WARN_UNUSED_VARIABLE = YES;
				IPHONEOS_DEPLOYMENT_TARGET = 11.2;
				MTL_ENABLE_DEBUG_INFO = YES;
				ONLY_ACTIVE_ARCH = YES;
				SDKROOT = iphoneos;
			};
			name = Debug;
		};
		8FC2A186204FBC1900B36725 /* Release */ = {
			isa = XCBuildConfiguration;
			buildSettings = {
				ALWAYS_SEARCH_USER_PATHS = NO;
				CLANG_ANALYZER_NONNULL = YES;
				CLANG_ANALYZER_NUMBER_OBJECT_CONVERSION = YES_AGGRESSIVE;
				CLANG_CXX_LANGUAGE_STANDARD = "gnu++14";
				CLANG_CXX_LIBRARY = "libc++";
				CLANG_ENABLE_MODULES = YES;
				CLANG_ENABLE_OBJC_ARC = YES;
				CLANG_WARN_BLOCK_CAPTURE_AUTORELEASING = YES;
				CLANG_WARN_BOOL_CONVERSION = YES;
				CLANG_WARN_COMMA = YES;
				CLANG_WARN_CONSTANT_CONVERSION = YES;
				CLANG_WARN_DIRECT_OBJC_ISA_USAGE = YES_ERROR;
				CLANG_WARN_DOCUMENTATION_COMMENTS = YES;
				CLANG_WARN_EMPTY_BODY = YES;
				CLANG_WARN_ENUM_CONVERSION = YES;
				CLANG_WARN_INFINITE_RECURSION = YES;
				CLANG_WARN_INT_CONVERSION = YES;
				CLANG_WARN_NON_LITERAL_NULL_CONVERSION = YES;
				CLANG_WARN_OBJC_LITERAL_CONVERSION = YES;
				CLANG_WARN_OBJC_ROOT_CLASS = YES_ERROR;
				CLANG_WARN_RANGE_LOOP_ANALYSIS = YES;
				CLANG_WARN_STRICT_PROTOTYPES = YES;
				CLANG_WARN_SUSPICIOUS_MOVE = YES;
				CLANG_WARN_UNGUARDED_AVAILABILITY = YES_AGGRESSIVE;
				CLANG_WARN_UNREACHABLE_CODE = YES;
				CLANG_WARN__DUPLICATE_METHOD_MATCH = YES;
				CODE_SIGN_IDENTITY = "iPhone Developer";
				COPY_PHASE_STRIP = NO;
				DEBUG_INFORMATION_FORMAT = "dwarf-with-dsym";
				ENABLE_NS_ASSERTIONS = NO;
				ENABLE_STRICT_OBJC_MSGSEND = YES;
				GCC_C_LANGUAGE_STANDARD = gnu11;
				GCC_NO_COMMON_BLOCKS = YES;
				GCC_WARN_64_TO_32_BIT_CONVERSION = YES;
				GCC_WARN_ABOUT_RETURN_TYPE = YES_ERROR;
				GCC_WARN_UNDECLARED_SELECTOR = YES;
				GCC_WARN_UNINITIALIZED_AUTOS = YES_AGGRESSIVE;
				GCC_WARN_UNUSED_FUNCTION = YES;
				GCC_WARN_UNUSED_VARIABLE = YES;
				IPHONEOS_DEPLOYMENT_TARGET = 11.2;
				MTL_ENABLE_DEBUG_INFO = NO;
				SDKROOT = iphoneos;
				VALIDATE_PRODUCT = YES;
			};
			name = Release;
		};
		8FC2A188204FBC1900B36725 /* Debug */ = {
			isa = XCBuildConfiguration;
			baseConfigurationReference = 8DFC23BBC6A5AE55E65EA346 /* Pods-webFrameWorkDemo.debug.xcconfig */;
			buildSettings = {
				ASSETCATALOG_COMPILER_APPICON_NAME = AppIcon;
				CODE_SIGN_STYLE = Automatic;
				DEVELOPMENT_TEAM = V3WGXX8M8S;
				INFOPLIST_FILE = webFrameWorkDemo/Info.plist;
				IPHONEOS_DEPLOYMENT_TARGET = 9.0;
				LD_RUNPATH_SEARCH_PATHS = "$(inherited) @executable_path/Frameworks";
				PRODUCT_BUNDLE_IDENTIFIER = com.qianft.webFrameWorkDemo;
				PRODUCT_NAME = "$(TARGET_NAME)";
				TARGETED_DEVICE_FAMILY = "1,2";
			};
			name = Debug;
		};
		8FC2A189204FBC1900B36725 /* Release */ = {
			isa = XCBuildConfiguration;
			baseConfigurationReference = CF714EDC02AC9E4FA998EFAF /* Pods-webFrameWorkDemo.release.xcconfig */;
			buildSettings = {
				ASSETCATALOG_COMPILER_APPICON_NAME = AppIcon;
				CODE_SIGN_STYLE = Automatic;
				DEVELOPMENT_TEAM = V3WGXX8M8S;
				INFOPLIST_FILE = webFrameWorkDemo/Info.plist;
				IPHONEOS_DEPLOYMENT_TARGET = 9.0;
				LD_RUNPATH_SEARCH_PATHS = "$(inherited) @executable_path/Frameworks";
				PRODUCT_BUNDLE_IDENTIFIER = com.qianft.webFrameWorkDemo;
				PRODUCT_NAME = "$(TARGET_NAME)";
				TARGETED_DEVICE_FAMILY = "1,2";
			};
			name = Release;
		};
		8FC2A18B204FBC1900B36725 /* Debug */ = {
			isa = XCBuildConfiguration;
			buildSettings = {
				BUNDLE_LOADER = "$(TEST_HOST)";
				CODE_SIGN_STYLE = Automatic;
				DEVELOPMENT_TEAM = V3WGXX8M8S;
				INFOPLIST_FILE = webFrameWorkDemoTests/Info.plist;
				LD_RUNPATH_SEARCH_PATHS = "$(inherited) @executable_path/Frameworks @loader_path/Frameworks";
				PRODUCT_BUNDLE_IDENTIFIER = com.qianft.webFrameWorkDemoTests;
				PRODUCT_NAME = "$(TARGET_NAME)";
				TARGETED_DEVICE_FAMILY = "1,2";
				TEST_HOST = "$(BUILT_PRODUCTS_DIR)/webFrameWorkDemo.app/webFrameWorkDemo";
			};
			name = Debug;
		};
		8FC2A18C204FBC1900B36725 /* Release */ = {
			isa = XCBuildConfiguration;
			buildSettings = {
				BUNDLE_LOADER = "$(TEST_HOST)";
				CODE_SIGN_STYLE = Automatic;
				DEVELOPMENT_TEAM = V3WGXX8M8S;
				INFOPLIST_FILE = webFrameWorkDemoTests/Info.plist;
				LD_RUNPATH_SEARCH_PATHS = "$(inherited) @executable_path/Frameworks @loader_path/Frameworks";
				PRODUCT_BUNDLE_IDENTIFIER = com.qianft.webFrameWorkDemoTests;
				PRODUCT_NAME = "$(TARGET_NAME)";
				TARGETED_DEVICE_FAMILY = "1,2";
				TEST_HOST = "$(BUILT_PRODUCTS_DIR)/webFrameWorkDemo.app/webFrameWorkDemo";
			};
			name = Release;
		};
		8FC2A18E204FBC1900B36725 /* Debug */ = {
			isa = XCBuildConfiguration;
			buildSettings = {
				CODE_SIGN_STYLE = Automatic;
				DEVELOPMENT_TEAM = V3WGXX8M8S;
				INFOPLIST_FILE = webFrameWorkDemoUITests/Info.plist;
				LD_RUNPATH_SEARCH_PATHS = "$(inherited) @executable_path/Frameworks @loader_path/Frameworks";
				PRODUCT_BUNDLE_IDENTIFIER = com.qianft.webFrameWorkDemoUITests;
				PRODUCT_NAME = "$(TARGET_NAME)";
				TARGETED_DEVICE_FAMILY = "1,2";
				TEST_TARGET_NAME = webFrameWorkDemo;
			};
			name = Debug;
		};
		8FC2A18F204FBC1900B36725 /* Release */ = {
			isa = XCBuildConfiguration;
			buildSettings = {
				CODE_SIGN_STYLE = Automatic;
				DEVELOPMENT_TEAM = V3WGXX8M8S;
				INFOPLIST_FILE = webFrameWorkDemoUITests/Info.plist;
				LD_RUNPATH_SEARCH_PATHS = "$(inherited) @executable_path/Frameworks @loader_path/Frameworks";
				PRODUCT_BUNDLE_IDENTIFIER = com.qianft.webFrameWorkDemoUITests;
				PRODUCT_NAME = "$(TARGET_NAME)";
				TARGETED_DEVICE_FAMILY = "1,2";
				TEST_TARGET_NAME = webFrameWorkDemo;
			};
			name = Release;
		};
/* End XCBuildConfiguration section */

/* Begin XCConfigurationList section */
		8FC2A156204FBC1900B36725 /* Build configuration list for PBXProject "webFrameWorkDemo" */ = {
			isa = XCConfigurationList;
			buildConfigurations = (
				8FC2A185204FBC1900B36725 /* Debug */,
				8FC2A186204FBC1900B36725 /* Release */,
			);
			defaultConfigurationIsVisible = 0;
			defaultConfigurationName = Release;
		};
		8FC2A187204FBC1900B36725 /* Build configuration list for PBXNativeTarget "webFrameWorkDemo" */ = {
			isa = XCConfigurationList;
			buildConfigurations = (
				8FC2A188204FBC1900B36725 /* Debug */,
				8FC2A189204FBC1900B36725 /* Release */,
			);
			defaultConfigurationIsVisible = 0;
			defaultConfigurationName = Release;
		};
		8FC2A18A204FBC1900B36725 /* Build configuration list for PBXNativeTarget "webFrameWorkDemoTests" */ = {
			isa = XCConfigurationList;
			buildConfigurations = (
				8FC2A18B204FBC1900B36725 /* Debug */,
				8FC2A18C204FBC1900B36725 /* Release */,
			);
			defaultConfigurationIsVisible = 0;
			defaultConfigurationName = Release;
		};
		8FC2A18D204FBC1900B36725 /* Build configuration list for PBXNativeTarget "webFrameWorkDemoUITests" */ = {
			isa = XCConfigurationList;
			buildConfigurations = (
				8FC2A18E204FBC1900B36725 /* Debug */,
				8FC2A18F204FBC1900B36725 /* Release */,
			);
			defaultConfigurationIsVisible = 0;
			defaultConfigurationName = Release;
		};
/* End XCConfigurationList section */
	};
	rootObject = 8FC2A153204FBC1900B36725 /* Project object */;
}
